
Microsoft Visual Studio Solution File, Format Version 12.00
# Visual Studio Version 17
VisualStudioVersion = 17.9.34616.47
MinimumVisualStudioVersion = 10.0.40219.1
Project("{FAE04EC0-301F-11D3-BF4B-00C04F79EFBC}") = "Week6.Server", "Week6.Server\Week6.Server.csproj", "{70DFA5AD-A4B7-4056-9A16-06E89BEB3FE8}"
EndProject
Project("{54A90642-561A-4BB1-A94E-469ADEE60C69}") = "week6.client", "week6.client\week6.client.esproj", "{29D9122A-2259-4329-BCD5-C58A8575771F}"
EndProject
Global
	GlobalSection(SolutionConfigurationPlatforms) = preSolution
		Debug|Any CPU = Debug|Any CPU
		Release|Any CPU = Release|Any CPU
	EndGlobalSection
	GlobalSection(ProjectConfigurationPlatforms) = postSolution
		{70DFA5AD-A4B7-4056-9A16-06E89BEB3FE8}.Debug|Any CPU.ActiveCfg = Debug|Any CPU
		{70DFA5AD-A4B7-4056-9A16-06E89BEB3FE8}.Debug|Any CPU.Build.0 = Debug|Any CPU
		{70DFA5AD-A4B7-4056-9A16-06E89BEB3FE8}.Release|Any CPU.ActiveCfg = Release|Any CPU
		{70DFA5AD-A4B7-4056-9A16-06E89BEB3FE8}.Release|Any CPU.Build.0 = Release|Any CPU
		{29D9122A-2259-4329-BCD5-C58A8575771F}.Debug|Any CPU.ActiveCfg = Debug|Any CPU
		{29D9122A-2259-4329-BCD5-C58A8575771F}.Debug|Any CPU.Build.0 = Debug|Any CPU
		{29D9122A-2259-4329-BCD5-C58A8575771F}.Debug|Any CPU.Deploy.0 = Debug|Any CPU
		{29D9122A-2259-4329-BCD5-C58A8575771F}.Release|Any CPU.ActiveCfg = Release|Any CPU
		{29D9122A-2259-4329-BCD5-C58A8575771F}.Release|Any CPU.Build.0 = Release|Any CPU
		{29D9122A-2259-4329-BCD5-C58A8575771F}.Release|Any CPU.Deploy.0 = Release|Any CPU
	EndGlobalSection
	GlobalSection(SolutionProperties) = preSolution
		HideSolutionNode = FALSE
	EndGlobalSection
	GlobalSection(ExtensibilityGlobals) = postSolution
		SolutionGuid = {29E7F0C0-13E1-4677-BC9C-5EF13EBAA9CD}
	EndGlobalSection
EndGlobal
